
Microsoft Visual Studio Solution File, Format Version 12.00
# Visual Studio Version 18
VisualStudioVersion = 18.2.11430.68 d18.0
MinimumVisualStudioVersion = 10.0.40219.1
Project("{FAE04EC0-301F-11D3-BF4B-00C04F79EFBC}") = "ActividadApp", "ActividadApp.csproj", "{53733CD5-5C95-C181-A10C-44424942407A}"
EndProject
Global
	GlobalSection(SolutionConfigurationPlatforms) = preSolution
		Debug|Any CPU = Debug|Any CPU
		Release|Any CPU = Release|Any CPU
	EndGlobalSection
	GlobalSection(ProjectConfigurationPlatforms) = postSolution
		{53733CD5-5C95-C181-A10C-44424942407A}.Debug|Any CPU.ActiveCfg = Debug|Any CPU
		{53733CD5-5C95-C181-A10C-44424942407A}.Debug|Any CPU.Build.0 = Debug|Any CPU
		{53733CD5-5C95-C181-A10C-44424942407A}.Release|Any CPU.ActiveCfg = Release|Any CPU
		{53733CD5-5C95-C181-A10C-44424942407A}.Release|Any CPU.Build.0 = Release|Any CPU
	EndGlobalSection
	GlobalSection(SolutionProperties) = preSolution
		HideSolutionNode = FALSE
	EndGlobalSection
	GlobalSection(ExtensibilityGlobals) = postSolution
		SolutionGuid = {7785DC22-C5D3-4992-BAD5-83CD4CF35FEC}
	EndGlobalSection
EndGlobal
